
Microsoft Visual Studio Solution File, Format Version 12.00
# Visual Studio Version 16
VisualStudioVersion = 16.0.31321.278
MinimumVisualStudioVersion = 10.0.40219.1
Project("{9A19103F-16F7-4668-BE54-9A1E7A4F7556}") = "Message", "Message\Message.csproj", "{22FCC122-49B4-4D64-8607-8BC036DCF337}"
EndProject
Project("{9A19103F-16F7-4668-BE54-9A1E7A4F7556}") = "SimpleFibonacciAPI", "SimpleFibonacciAPI\SimpleFibonacciAPI.csproj", "{FFCEE386-8B6A-497C-AA43-653EBFE984F6}"
EndProject
Project("{9A19103F-16F7-4668-BE54-9A1E7A4F7556}") = "SimpleFibonacciClient", "SimpleFibonacciClient\SimpleFibonacciClient.csproj", "{8E9D3F37-2F9C-458D-8EB0-3C294906C12E}"
EndProject
Global
	GlobalSection(SolutionConfigurationPlatforms) = preSolution
		Debug|Any CPU = Debug|Any CPU
		Release|Any CPU = Release|Any CPU
	EndGlobalSection
	GlobalSection(ProjectConfigurationPlatforms) = postSolution
		{22FCC122-49B4-4D64-8607-8BC036DCF337}.Debug|Any CPU.ActiveCfg = Debug|Any CPU
		{22FCC122-49B4-4D64-8607-8BC036DCF337}.Debug|Any CPU.Build.0 = Debug|Any CPU
		{22FCC122-49B4-4D64-8607-8BC036DCF337}.Release|Any CPU.ActiveCfg = Release|Any CPU
		{22FCC122-49B4-4D64-8607-8BC036DCF337}.Release|Any CPU.Build.0 = Release|Any CPU
		{FFCEE386-8B6A-497C-AA43-653EBFE984F6}.Debug|Any CPU.ActiveCfg = Debug|Any CPU
		{FFCEE386-8B6A-497C-AA43-653EBFE984F6}.Debug|Any CPU.Build.0 = Debug|Any CPU
		{FFCEE386-8B6A-497C-AA43-653EBFE984F6}.Release|Any CPU.ActiveCfg = Release|Any CPU
		{FFCEE386-8B6A-497C-AA43-653EBFE984F6}.Release|Any CPU.Build.0 = Release|Any CPU
		{8E9D3F37-2F9C-458D-8EB0-3C294906C12E}.Debug|Any CPU.ActiveCfg = Debug|Any CPU
		{8E9D3F37-2F9C-458D-8EB0-3C294906C12E}.Debug|Any CPU.Build.0 = Debug|Any CPU
		{8E9D3F37-2F9C-458D-8EB0-3C294906C12E}.Release|Any CPU.ActiveCfg = Release|Any CPU
		{8E9D3F37-2F9C-458D-8EB0-3C294906C12E}.Release|Any CPU.Build.0 = Release|Any CPU
	EndGlobalSection
	GlobalSection(SolutionProperties) = preSolution
		HideSolutionNode = FALSE
	EndGlobalSection
	GlobalSection(ExtensibilityGlobals) = postSolution
		SolutionGuid = {C8705826-F08B-442D-82D0-2FDC58EF97C0}
	EndGlobalSection
EndGlobal
